
Microsoft Visual Studio Solution File, Format Version 12.00
# Visual Studio Version 16
VisualStudioVersion = 16.0.30413.136
MinimumVisualStudioVersion = 15.0.26124.0
Project("{2150E333-8FDC-42A3-9474-1A3956D46DE8}") = "domain", "domain", "{4DA6AD58-E285-45F6-8633-480B3C92269C}"
EndProject
Project("{9A19103F-16F7-4668-BE54-9A1E7A4F7556}") = "Store", "domain\Store\Store.csproj", "{FCF8D6C5-0C86-4740-BCCA-2122C6E5899B}"
EndProject
Project("{2150E333-8FDC-42A3-9474-1A3956D46DE8}") = "infrastructure", "infrastructure", "{19532355-F1C2-4AC3-A8FD-B4E835C53E89}"
EndProject
Project("{FAE04EC0-301F-11D3-BF4B-00C04F79EFBC}") = "Store.Memory", "infrastructure\StoreMemory\Store.Memory.csproj", "{21021725-C8FB-45F2-BF72-99BFA90B243E}"
EndProject
Project("{2150E333-8FDC-42A3-9474-1A3956D46DE8}") = "presentation", "presentation", "{A7D7D702-A675-486C-89B1-A91E99F70E89}"
EndProject
Project("{FAE04EC0-301F-11D3-BF4B-00C04F79EFBC}") = "Store.Web", "presentation\Store.Web\Store.Web.csproj", "{153A25CF-3220-4664-B411-9CF8B7E4E265}"
EndProject
Global
	GlobalSection(SolutionConfigurationPlatforms) = preSolution
		Debug|Any CPU = Debug|Any CPU
		Debug|x64 = Debug|x64
		Debug|x86 = Debug|x86
		Release|Any CPU = Release|Any CPU
		Release|x64 = Release|x64
		Release|x86 = Release|x86
	EndGlobalSection
	GlobalSection(ProjectConfigurationPlatforms) = postSolution
		{FCF8D6C5-0C86-4740-BCCA-2122C6E5899B}.Debug|Any CPU.ActiveCfg = Debug|Any CPU
		{FCF8D6C5-0C86-4740-BCCA-2122C6E5899B}.Debug|Any CPU.Build.0 = Debug|Any CPU
		{FCF8D6C5-0C86-4740-BCCA-2122C6E5899B}.Debug|x64.ActiveCfg = Debug|Any CPU
		{FCF8D6C5-0C86-4740-BCCA-2122C6E5899B}.Debug|x64.Build.0 = Debug|Any CPU
		{FCF8D6C5-0C86-4740-BCCA-2122C6E5899B}.Debug|x86.ActiveCfg = Debug|Any CPU
		{FCF8D6C5-0C86-4740-BCCA-2122C6E5899B}.Debug|x86.Build.0 = Debug|Any CPU
		{FCF8D6C5-0C86-4740-BCCA-2122C6E5899B}.Release|Any CPU.ActiveCfg = Release|Any CPU
		{FCF8D6C5-0C86-4740-BCCA-2122C6E5899B}.Release|Any CPU.Build.0 = Release|Any CPU
		{FCF8D6C5-0C86-4740-BCCA-2122C6E5899B}.Release|x64.ActiveCfg = Release|Any CPU
		{FCF8D6C5-0C86-4740-BCCA-2122C6E5899B}.Release|x64.Build.0 = Release|Any CPU
		{FCF8D6C5-0C86-4740-BCCA-2122C6E5899B}.Release|x86.ActiveCfg = Release|Any CPU
		{FCF8D6C5-0C86-4740-BCCA-2122C6E5899B}.Release|x86.Build.0 = Release|Any CPU
		{21021725-C8FB-45F2-BF72-99BFA90B243E}.Debug|Any CPU.ActiveCfg = Debug|Any CPU
		{21021725-C8FB-45F2-BF72-99BFA90B243E}.Debug|Any CPU.Build.0 = Debug|Any CPU
		{21021725-C8FB-45F2-BF72-99BFA90B243E}.Debug|x64.ActiveCfg = Debug|Any CPU
		{21021725-C8FB-45F2-BF72-99BFA90B243E}.Debug|x64.Build.0 = Debug|Any CPU
		{21021725-C8FB-45F2-BF72-99BFA90B243E}.Debug|x86.ActiveCfg = Debug|Any CPU
		{21021725-C8FB-45F2-BF72-99BFA90B243E}.Debug|x86.Build.0 = Debug|Any CPU
		{21021725-C8FB-45F2-BF72-99BFA90B243E}.Release|Any CPU.ActiveCfg = Release|Any CPU
		{21021725-C8FB-45F2-BF72-99BFA90B243E}.Release|Any CPU.Build.0 = Release|Any CPU
		{21021725-C8FB-45F2-BF72-99BFA90B243E}.Release|x64.ActiveCfg = Release|Any CPU
		{21021725-C8FB-45F2-BF72-99BFA90B243E}.Release|x64.Build.0 = Release|Any CPU
		{21021725-C8FB-45F2-BF72-99BFA90B243E}.Release|x86.ActiveCfg = Release|Any CPU
		{21021725-C8FB-45F2-BF72-99BFA90B243E}.Release|x86.Build.0 = Release|Any CPU
		{153A25CF-3220-4664-B411-9CF8B7E4E265}.Debug|Any CPU.ActiveCfg = Debug|Any CPU
		{153A25CF-3220-4664-B411-9CF8B7E4E265}.Debug|Any CPU.Build.0 = Debug|Any CPU
		{153A25CF-3220-4664-B411-9CF8B7E4E265}.Debug|x64.ActiveCfg = Debug|Any CPU
		{153A25CF-3220-4664-B411-9CF8B7E4E265}.Debug|x64.Build.0 = Debug|Any CPU
		{153A25CF-3220-4664-B411-9CF8B7E4E265}.Debug|x86.ActiveCfg = Debug|Any CPU
		{153A25CF-3220-4664-B411-9CF8B7E4E265}.Debug|x86.Build.0 = Debug|Any CPU
		{153A25CF-3220-4664-B411-9CF8B7E4E265}.Release|Any CPU.ActiveCfg = Release|Any CPU
		{153A25CF-3220-4664-B411-9CF8B7E4E265}.Release|Any CPU.Build.0 = Release|Any CPU
		{153A25CF-3220-4664-B411-9CF8B7E4E265}.Release|x64.ActiveCfg = Release|Any CPU
		{153A25CF-3220-4664-B411-9CF8B7E4E265}.Release|x64.Build.0 = Release|Any CPU
		{153A25CF-3220-4664-B411-9CF8B7E4E265}.Release|x86.ActiveCfg = Release|Any CPU
		{153A25CF-3220-4664-B411-9CF8B7E4E265}.Release|x86.Build.0 = Release|Any CPU
	EndGlobalSection
	GlobalSection(SolutionProperties) = preSolution
		HideSolutionNode = FALSE
	EndGlobalSection
	GlobalSection(NestedProjects) = preSolution
		{FCF8D6C5-0C86-4740-BCCA-2122C6E5899B} = {4DA6AD58-E285-45F6-8633-480B3C92269C}
		{21021725-C8FB-45F2-BF72-99BFA90B243E} = {19532355-F1C2-4AC3-A8FD-B4E835C53E89}
		{153A25CF-3220-4664-B411-9CF8B7E4E265} = {A7D7D702-A675-486C-89B1-A91E99F70E89}
	EndGlobalSection
	GlobalSection(ExtensibilityGlobals) = postSolution
		SolutionGuid = {C1DB6228-60CD-4AF8-9BFE-A08C97F777E2}
	EndGlobalSection
EndGlobal
